<?xml version="1.0" encoding="UTF-8" standalone="yes" ?>
<CodeBlocks_project_file>
	<FileVersion major="1" minor="6" />
	<Project>
		<Option title="boomslang" />
		<Option pch_mode="2" />
		<Option compiler="gcc" />
		<Build>
			<Target title="Debug">
				<Option output="../../boomslang" prefix_auto="1" extension_auto="1" />
				<Option object_output="obj/Debug/" />
				<Option type="1" />
				<Option compiler="gcc" />
				<Option parameters="C:\Users\Isaac\Desktop\compile.boomslang" />
				<Compiler>
					<Add option="-std=c++11" />
					<Add option="-g" />
					<Add option="-DDEBUG" />
				</Compiler>
			</Target>
			<Target title="Release">
				<Option output="../../boomslang" prefix_auto="1" extension_auto="1" />
				<Option object_output="obj/Release/" />
				<Option type="1" />
				<Option compiler="gcc" />
				<Option parameters="C:\Users\Isaac\Desktop\compile.boomslang" />
				<Compiler>
					<Add option="-O2" />
				</Compiler>
				<Linker>
					<Add option="-s" />
				</Linker>
			</Target>
		</Build>
		<Compiler>
			<Add option="-Wall" />
			<Add option="-fexceptions" />
		</Compiler>
		<Unit filename="action.h" />
		<Unit filename="assemble.h" />
		<Unit filename="base.h" />
		<Unit filename="boot.h" />
		<Unit filename="build.h" />
		<Unit filename="cleanup.h" />
		<Unit filename="compile.h" />
		<Unit filename="dash.h" />
		<Unit filename="file.h" />
		<Unit filename="globals.h" />
		<Unit filename="icon.rc">
			<Option compilerVar="WINDRES" />
		</Unit>
		<Unit filename="init.h" />
		<Unit filename="main.cpp" />
		<Unit filename="preprocess.h" />
		<Unit filename="resource_handling.h" />
		<Unit filename="scripts.h" />
		<Unit filename="string_handling.h" />
		<Unit filename="variable.h" />
		<Extensions>
			<code_completion />
			<envvars />
			<debugger />
			<lib_finder disable_auto="1" />
		</Extensions>
	</Project>
</CodeBlocks_project_file>
